PODS:
  - NVHGzipFile (2.0.0)

DEPENDENCIES:
  - NVHGzipFile (from `../NVHGzipFile.podspec`)

EXTERNAL SOURCES:
  NVHGzipFile:
    :path: ../NVHGzipFile.podspec

SPEC CHECKSUMS:
  NVHGzipFile: 5da23a57f833a99e719374eebc7feba2c9498f96

PODFILE CHECKSUM: c665fa744f8116bc9b48a3c1a34191d51d83dbab

COCOAPODS: 1.4.0
