PODS:
  - NVHGzipFile (1.1.0)

DEPENDENCIES:
  - NVHGzipFile (from `../NVHGzipFile.podspec`)

EXTERNAL SOURCES:
  NVHGzipFile:
    :path: ../NVHGzipFile.podspec

SPEC CHECKSUMS:
  NVHGzipFile: b8e9faa306324777d642fe2f7da9ed97fe89fd6d

PODFILE CHECKSUM: c665fa744f8116bc9b48a3c1a34191d51d83dbab

COCOAPODS: 1.4.0
